// !$*UTF8*$!
{
	archiveVersion = 1;
	classes = {
	};
	objectVersion = 46;
	objects = {

/* Begin PBXBuildFile section */
		48323EF61E1AB7AF00B262DC /* AppDelegate.swift in Sources */ = {isa = PBXBuildFile; fileRef = 48323EF51E1AB7AF00B262DC /* AppDelegate.swift */; };
		48323EF81E1AB7AF00B262DC /* ViewController.swift in Sources */ = {isa = PBXBuildFile; fileRef = 48323EF71E1AB7AF00B262DC /* ViewController.swift */; };
		48323EFB1E1AB7AF00B262DC /* Main.storyboard in Resources */ = {isa = PBXBuildFile; fileRef = 48323EF91E1AB7AF00B262DC /* Main.storyboard */; };
		48323EFD1E1AB7AF00B262DC /* Assets.xcassets in Resources */ = {isa = PBXBuildFile; fileRef = 48323EFC1E1AB7AF00B262DC /* Assets.xcassets */; };
		48323F001E1AB7AF00B262DC /* LaunchScreen.storyboard in Resources */ = {isa = PBXBuildFile; fileRef = 48323EFE1E1AB7AF00B262DC /* LaunchScreen.storyboard */; };
		48323F081E1ADB5B00B262DC /* ColorViewController.swift in Sources */ = {isa = PBXBuildFile; fileRef = 48323F071E1ADB5B00B262DC /* ColorViewController.swift */; };
/* End PBXBuildFile section */

/* Begin PBXFileReference section */
		48323EF21E1AB7AE00B262DC /* Colorific.app */ = {isa = PBXFileReference; explicitFileType = wrapper.application; includeInIndex = 0; path = Colorific.app; sourceTree = BUILT_PRODUCTS_DIR; };
		48323EF51E1AB7AF00B262DC /* AppDelegate.swift */ = {isa = PBXFileReference; lastKnownFileType = sourcecode.swift; path = AppDelegate.swift; sourceTree = "<group>"; };
		48323EF71E1AB7AF00B262DC /* ViewController.swift */ = {isa = PBXFileReference; lastKnownFileType = sourcecode.swift; path = ViewController.swift; sourceTree = "<group>"; };
		48323EFA1E1AB7AF00B262DC /* Base */ = {isa = PBXFileReference; lastKnownFileType = file.storyboard; name = Base; path = Base.lproj/Main.storyboard; sourceTree = "<group>"; };
		48323EFC1E1AB7AF00B262DC /* Assets.xcassets */ = {isa = PBXFileReference; lastKnownFileType = folder.assetcatalog; path = Assets.xcassets; sourceTree = "<group>"; };
		48323EFF1E1AB7AF00B262DC /* Base */ = {isa = PBXFileReference; lastKnownFileType = file.storyboard; name = Base; path = Base.lproj/LaunchScreen.storyboard; sourceTree = "<group>"; };
		48323F011E1AB7AF00B262DC /* Info.plist */ = {isa = PBXFileReference; lastKnownFileType = text.plist.xml; path = Info.plist; sourceTree = "<group>"; };
		48323F071E1ADB5B00B262DC /* ColorViewController.swift */ = {isa = PBXFileReference; fileEncoding = 4; lastKnownFileType = sourcecode.swift; path = ColorViewController.swift; sourceTree = "<group>"; };
/* End PBXFileReference section */

/* Begin PBXFrameworksBuildPhase section */
		48323EEF1E1AB7AE00B262DC /* Frameworks */ = {
			isa = PBXFrameworksBuildPhase;
			buildActionMask = 2147483647;
			files = (
			);
			runOnlyForDeploymentPostprocessing = 0;
		};
/* End PBXFrameworksBuildPhase section */

/* Begin PBXGroup section */
		48323EE91E1AB7AE00B262DC = {
			isa = PBXGroup;
			children = (
				48323EF41E1AB7AE00B262DC /* Colorific */,
				48323EF31E1AB7AE00B262DC /* Products */,
			);
			sourceTree = "<group>";
		};
		48323EF31E1AB7AE00B262DC /* Products */ = {
			isa = PBXGroup;
			children = (
				48323EF21E1AB7AE00B262DC /* Colorific.app */,
			);
			name = Products;
			sourceTree = "<group>";
		};
		48323EF41E1AB7AE00B262DC /* Colorific */ = {
			isa = PBXGroup;
			children = (
				48323EF51E1AB7AF00B262DC /* AppDelegate.swift */,
				48323F071E1ADB5B00B262DC /* ColorViewController.swift */,
				48323EF71E1AB7AF00B262DC /* ViewController.swift */,
				48323EF91E1AB7AF00B262DC /* Main.storyboard */,
				48323EFC1E1AB7AF00B262DC /* Assets.xcassets */,
				48323EFE1E1AB7AF00B262DC /* LaunchScreen.storyboard */,
				48323F011E1AB7AF00B262DC /* Info.plist */,
			);
			path = Colorific;
			sourceTree = "<group>";
		};
/* End PBXGroup section */

/* Begin PBXNativeTarget section */
		48323EF11E1AB7AE00B262DC /* Colorific */ = {
			isa = PBXNativeTarget;
			buildConfigurationList = 48323F041E1AB7AF00B262DC /* Build configuration list for PBXNativeTarget "Colorific" */;
			buildPhases = (
				48323EEE1E1AB7AE00B262DC /* Sources */,
				48323EEF1E1AB7AE00B262DC /* Frameworks */,
				48323EF01E1AB7AE00B262DC /* Resources */,
			);
			buildRules = (
			);
			dependencies = (
			);
			name = Colorific;
			productName = Colorific;
			productReference = 48323EF21E1AB7AE00B262DC /* Colorific.app */;
			productType = "com.apple.product-type.application";
		};
/* End PBXNativeTarget section */

/* Begin PBXProject section */
		48323EEA1E1AB7AE00B262DC /* Project object */ = {
			isa = PBXProject;
			attributes = {
				LastSwiftUpdateCheck = 0820;
				LastUpgradeCheck = 0820;
				ORGANIZATIONNAME = "Jeff Li";
				TargetAttributes = {
					48323EF11E1AB7AE00B262DC = {
						CreatedOnToolsVersion = 8.2.1;
						ProvisioningStyle = Automatic;
					};
				};
			};
			buildConfigurationList = 48323EED1E1AB7AE00B262DC /* Build configuration list for PBXProject "Colorific" */;
			compatibilityVersion = "Xcode 3.2";
			developmentRegion = English;
			hasScannedForEncodings = 0;
			knownRegions = (
				en,
				Base,
			);
			mainGroup = 48323EE91E1AB7AE00B262DC;
			productRefGroup = 48323EF31E1AB7AE00B262DC /* Products */;
			projectDirPath = "";
			projectRoot = "";
			targets = (
				48323EF11E1AB7AE00B262DC /* Colorific */,
			);
		};
/* End PBXProject section */

/* Begin PBXResourcesBuildPhase section */
		48323EF01E1AB7AE00B262DC /* Resources */ = {
			isa = PBXResourcesBuildPhase;
			buildActionMask = 2147483647;
			files = (
				48323F001E1AB7AF00B262DC /* LaunchScreen.storyboard in Resources */,
				48323EFD1E1AB7AF00B262DC /* Assets.xcassets in Resources */,
				48323EFB1E1AB7AF00B262DC /* Main.storyboard in Resources */,
			);
			runOnlyForDeploymentPostprocessing = 0;
		};
/* End PBXResourcesBuildPhase section */

/* Begin PBXSourcesBuildPhase section */
		48323EEE1E1AB7AE00B262DC /* Sources */ = {
			isa = PBXSourcesBuildPhase;
			buildActionMask = 2147483647;
			files = (
				48323EF81E1AB7AF00B262DC /* ViewController.swift in Sources */,
				48323F081E1ADB5B00B262DC /* ColorViewController.swift in Sources */,
				48323EF61E1AB7AF00B262DC /* AppDelegate.swift in Sources */,
			);
			runOnlyForDeploymentPostprocessing = 0;
		};
/* End PBXSourcesBuildPhase section */

/* Begin PBXVariantGroup section */
		48323EF91E1AB7AF00B262DC /* Main.storyboard */ = {
			isa = PBXVariantGroup;
			children = (
				48323EFA1E1AB7AF00B262DC /* Base */,
			);
			name = Main.storyboard;
			sourceTree = "<group>";
		};
		48323EFE1E1AB7AF00B262DC /* LaunchScreen.storyboard */ = {
			isa = PBXVariantGroup;
			children = (
				48323EFF1E1AB7AF00B262DC /* Base */,
			);
			name = LaunchScreen.storyboard;
			sourceTree = "<group>";
		};
/* End PBXVariantGroup section */

/* Begin XCBuildConfiguration section */
		48323F021E1AB7AF00B262DC /* Debug */ = {
			isa = XCBuildConfiguration;
			buildSettings = {
				ALWAYS_SEARCH_USER_PATHS = NO;
				CLANG_ANALYZER_NONNULL = YES;
				CLANG_CXX_LANGUAGE_STANDARD = "gnu++0x";
				CLANG_CXX_LIBRARY = "libc++";
				CLANG_ENABLE_MODULES = YES;
				CLANG_ENABLE_OBJC_ARC = YES;
				CLANG_WARN_BOOL_CONVERSION = YES;
				CLANG_WARN_CONSTANT_CONVERSION = YES;
				CLANG_WARN_DIRECT_OBJC_ISA_USAGE = YES_ERROR;
				CLANG_WARN_DOCUMENTATION_COMMENTS = YES;
				CLANG_WARN_EMPTY_BODY = YES;
				CLANG_WARN_ENUM_CONVERSION = YES;
				CLANG_WARN_INFINITE_RECURSION = YES;
				CLANG_WARN_INT_CONVERSION = YES;
				CLANG_WARN_OBJC_ROOT_CLASS = YES_ERROR;
				CLANG_WARN_SUSPICIOUS_MOVE = YES;
				CLANG_WARN_UNREACHABLE_CODE = YES;
				CLANG_WARN__DUPLICATE_METHOD_MATCH = YES;
				"CODE_SIGN_IDENTITY[sdk=iphoneos*]" = "iPhone Developer";
				COPY_PHASE_STRIP = NO;
				DEBUG_INFORMATION_FORMAT = dwarf;
				ENABLE_STRICT_OBJC_MSGSEND = YES;
				ENABLE_TESTABILITY = YES;
				GCC_C_LANGUAGE_STANDARD = gnu99;
				GCC_DYNAMIC_NO_PIC = NO;
				GCC_NO_COMMON_BLOCKS = YES;
				GCC_OPTIMIZATION_LEVEL = 0;
				GCC_PREPROCESSOR_DEFINITIONS = (
					"DEBUG=1",
					"$(inherited)",
				);
				GCC_WARN_64_TO_32_BIT_CONVERSION = YES;
				GCC_WARN_ABOUT_RETURN_TYPE = YES_ERROR;
				GCC_WARN_UNDECLARED_SELECTOR = YES;
				GCC_WARN_UNINITIALIZED_AUTOS = YES_AGGRESSIVE;
				GCC_WARN_UNUSED_FUNCTION = YES;
				GCC_WARN_UNUSED_VARIABLE = YES;
				IPHONEOS_DEPLOYMENT_TARGET = 10.2;
				MTL_ENABLE_DEBUG_INFO = YES;
				ONLY_ACTIVE_ARCH = YES;
				SDKROOT = iphoneos;
				SWIFT_ACTIVE_COMPILATION_CONDITIONS = DEBUG;
				SWIFT_OPTIMIZATION_LEVEL = "-Onone";
			};
			name = Debug;
		};
		48323F031E1AB7AF00B262DC /* Release */ = {
			isa = XCBuildConfiguration;
			buildSettings = {
				ALWAYS_SEARCH_USER_PATHS = NO;
				CLANG_ANALYZER_NONNULL = YES;
				CLANG_CXX_LANGUAGE_STANDARD = "gnu++0x";
				CLANG_CXX_LIBRARY = "libc++";
				CLANG_ENABLE_MODULES = YES;
				CLANG_ENABLE_OBJC_ARC = YES;
				CLANG_WARN_BOOL_CONVERSION = YES;
				CLANG_WARN_CONSTANT_CONVERSION = YES;
				CLANG_WARN_DIRECT_OBJC_ISA_USAGE = YES_ERROR;
				CLANG_WARN_DOCUMENTATION_COMMENTS = YES;
				CLANG_WARN_EMPTY_BODY = YES;
				CLANG_WARN_ENUM_CONVERSION = YES;
				CLANG_WARN_INFINITE_RECURSION = YES;
				CLANG_WARN_INT_CONVERSION = YES;
				CLANG_WARN_OBJC_ROOT_CLASS = YES_ERROR;
				CLANG_WARN_SUSPICIOUS_MOVE = YES;
				CLANG_WARN_UNREACHABLE_CODE = YES;
				CLANG_WARN__DUPLICATE_METHOD_MATCH = YES;
				"CODE_SIGN_IDENTITY[sdk=iphoneos*]" = "iPhone Developer";
				COPY_PHASE_STRIP = NO;
				DEBUG_INFORMATION_FORMAT = "dwarf-with-dsym";
				ENABLE_NS_ASSERTIONS = NO;
				ENABLE_STRICT_OBJC_MSGSEND = YES;
				GCC_C_LANGUAGE_STANDARD = gnu99;
				GCC_NO_COMMON_BLOCKS = YES;
				GCC_WARN_64_TO_32_BIT_CONVERSION = YES;
				GCC_WARN_ABOUT_RETURN_TYPE = YES_ERROR;
				GCC_WARN_UNDECLARED_SELECTOR = YES;
				GCC_WARN_UNINITIALIZED_AUTOS = YES_AGGRESSIVE;
				GCC_WARN_UNUSED_FUNCTION = YES;
				GCC_WARN_UNUSED_VARIABLE = YES;
				IPHONEOS_DEPLOYMENT_TARGET = 10.2;
				MTL_ENABLE_DEBUG_INFO = NO;
				SDKROOT = iphoneos;
				SWIFT_OPTIMIZATION_LEVEL = "-Owholemodule";
				VALIDATE_PRODUCT = YES;
			};
			name = Release;
		};
		48323F051E1AB7AF00B262DC /* Debug */ = {
			isa = XCBuildConfiguration;
			buildSettings = {
				ASSETCATALOG_COMPILER_APPICON_NAME = AppIcon;
				INFOPLIST_FILE = Colorific/Info.plist;
				LD_RUNPATH_SEARCH_PATHS = "$(inherited) @executable_path/Frameworks";
				PRODUCT_BUNDLE_IDENTIFIER = projects.jeff.Colorific;
				PRODUCT_NAME = "$(TARGET_NAME)";
				SWIFT_VERSION = 3.0;
			};
			name = Debug;
		};
		48323F061E1AB7AF00B262DC /* Release */ = {
			isa = XCBuildConfiguration;
			buildSettings = {
				ASSETCATALOG_COMPILER_APPICON_NAME = AppIcon;
				INFOPLIST_FILE = Colorific/Info.plist;
				LD_RUNPATH_SEARCH_PATHS = "$(inherited) @executable_path/Frameworks";
				PRODUCT_BUNDLE_IDENTIFIER = projects.jeff.Colorific;
				PRODUCT_NAME = "$(TARGET_NAME)";
				SWIFT_VERSION = 3.0;
			};
			name = Release;
		};
/* End XCBuildConfiguration section */

/* Begin XCConfigurationList section */
		48323EED1E1AB7AE00B262DC /* Build configuration list for PBXProject "Colorific" */ = {
			isa = XCConfigurationList;
			buildConfigurations = (
				48323F021E1AB7AF00B262DC /* Debug */,
				48323F031E1AB7AF00B262DC /* Release */,
			);
			defaultConfigurationIsVisible = 0;
			defaultConfigurationName = Release;
		};
		48323F041E1AB7AF00B262DC /* Build configuration list for PBXNativeTarget "Colorific" */ = {
			isa = XCConfigurationList;
			buildConfigurations = (
				48323F051E1AB7AF00B262DC /* Debug */,
				48323F061E1AB7AF00B262DC /* Release */,
			);
			defaultConfigurationIsVisible = 0;
		};
/* End XCConfigurationList section */
	};
	rootObject = 48323EEA1E1AB7AE00B262DC /* Project object */;
}
